{
    "version": 3,
    "terraform_version": "0.8.4",
    "serial": 54,
    "lineage": "41ad8a72-0f15-4a6c-8223-dab1091cc7d2",
    "modules": [
        {
            "path": [
                "root"
            ],
            "outputs": {
                "nat.ip": {
                    "sensitive": false,
                    "type": "string",
                    "value": "52.16.111.38"
                }
            },
            "resources": {
                "aws_instance.nat": {
                    "type": "aws_instance",
                    "depends_on": [
                        "aws_key_pair.deployer",
                        "aws_security_group.default",
                        "aws_security_group.nat",
                        "aws_subnet.public_primary"
                    ],
                    "primary": {
                        "id": "i-09b9dd67eb2633512",
                        "attributes": {
                            "ami": "ami-47a23a30",
                            "associate_public_ip_address": "true",
                            "availability_zone": "eu-west-1a",
                            "disable_api_termination": "false",
                            "ebs_block_device.#": "0",
                            "ebs_optimized": "false",
                            "ephemeral_block_device.#": "0",
                            "iam_instance_profile": "",
                            "id": "i-09b9dd67eb2633512",
                            "instance_state": "running",
                            "instance_type": "t2.nano",
                            "key_name": "deployer-key",
                            "monitoring": "false",
                            "network_interface_id": "eni-f3e0748f",
                            "private_dns": "ip-10-0-0-147.eu-west-1.compute.internal",
                            "private_ip": "10.0.0.147",
                            "public_dns": "ec2-52-16-111-38.eu-west-1.compute.amazonaws.com",
                            "public_ip": "52.16.111.38",
                            "root_block_device.#": "1",
                            "root_block_device.0.delete_on_termination": "true",
                            "root_block_device.0.iops": "100",
                            "root_block_device.0.volume_size": "8",
                            "root_block_device.0.volume_type": "gp2",
                            "security_groups.#": "0",
                            "source_dest_check": "false",
                            "subnet_id": "subnet-19a0917d",
                            "tags.%": "1",
                            "tags.Name": "nat",
                            "tenancy": "default",
                            "vpc_security_group_ids.#": "2",
                            "vpc_security_group_ids.16786141": "sg-ec4c1b8a",
                            "vpc_security_group_ids.2022789848": "sg-ea4c1b8c"
                        },
                        "meta": {
                            "schema_version": "1"
                        },
                        "tainted": false
                    },
                    "deposed": [],
                    "provider": ""
                },
                "aws_internet_gateway.obitat": {
                    "type": "aws_internet_gateway",
                    "depends_on": [
                        "aws_vpc.obitat"
                    ],
                    "primary": {
                        "id": "igw-cfbf67ab",
                        "attributes": {
                            "id": "igw-cfbf67ab",
                            "tags.%": "0",
                            "vpc_id": "vpc-2d715049"
                        },
                        "meta": {},
                        "tainted": false
                    },
                    "deposed": [],
                    "provider": ""
                },
                "aws_key_pair.deployer": {
                    "type": "aws_key_pair",
                    "depends_on": [],
                    "primary": {
                        "id": "deployer-key",
                        "attributes": {
                            "fingerprint": "55:f2:75:1e:5b:f6:f8:7a:b3:6a:06:f1:e7:09:ec:26",
                            "id": "deployer-key",
                            "key_name": "deployer-key",
                            "public_key": "ssh-rsa AAAAB3NzaC1yc2EAAAADAQABAAABAQDnGnP6GKzZP44jFgrjtjublhrkITtsaJ6Ockyy7vui3poOxXOPAE2K6m+Gij5hZRFzrEgvHUZ1a2V1KcCYwzh05zU0W7kqpjpk3tyPW8mYr8/j39RNn+8HZ2eLpjjTAmbCwvpmtIocFAN/7Be7lPoLPdqf46VTHpi9jfzqFXlbSLn/BzFZCsgYYG4oavOnPmao2CbIF3RCeyncPCqkyR41iIfarYvYTTHwHY0/jOxPM9J88gNBb0XvhpCOtgt85mFEGkVvLulYivsvzpGLQOeqoCi6Ykbf8V91lDHyptM07XsZnDIQ3SP21howTprFuRcpAky1avyTCfH06nEk/hC3 insecure-deployer"
                        },
                        "meta": {
                            "schema_version": "1"
                        },
                        "tainted": false
                    },
                    "deposed": [],
                    "provider": ""
                },
                "aws_route_table.private": {
                    "type": "aws_route_table",
                    "depends_on": [
                        "aws_instance.nat",
                        "aws_vpc.obitat"
                    ],
                    "primary": {
                        "id": "rtb-e1a75b86",
                        "attributes": {
                            "id": "rtb-e1a75b86",
                            "propagating_vgws.#": "0",
                            "route.#": "1",
                            "route.3063148047.cidr_block": "0.0.0.0/0",
                            "route.3063148047.gateway_id": "",
                            "route.3063148047.instance_id": "i-09b9dd67eb2633512",
                            "route.3063148047.nat_gateway_id": "",
                            "route.3063148047.network_interface_id": "eni-f3e0748f",
                            "route.3063148047.vpc_peering_connection_id": "",
                            "tags.%": "0",
                            "vpc_id": "vpc-2d715049"
                        },
                        "meta": {},
                        "tainted": false
                    },
                    "deposed": [],
                    "provider": ""
                },
                "aws_route_table.public": {
                    "type": "aws_route_table",
                    "depends_on": [
                        "aws_internet_gateway.obitat",
                        "aws_vpc.obitat"
                    ],
                    "primary": {
                        "id": "rtb-b7a65ad0",
                        "attributes": {
                            "id": "rtb-b7a65ad0",
                            "propagating_vgws.#": "0",
                            "route.#": "1",
                            "route.491537787.cidr_block": "0.0.0.0/0",
                            "route.491537787.gateway_id": "igw-cfbf67ab",
                            "route.491537787.instance_id": "",
                            "route.491537787.nat_gateway_id": "",
                            "route.491537787.network_interface_id": "",
                            "route.491537787.vpc_peering_connection_id": "",
                            "tags.%": "0",
                            "vpc_id": "vpc-2d715049"
                        },
                        "meta": {},
                        "tainted": false
                    },
                    "deposed": [],
                    "provider": ""
                },
                "aws_route_table_association.private_primary": {
                    "type": "aws_route_table_association",
                    "depends_on": [
                        "aws_route_table.private",
                        "aws_subnet.private_primary"
                    ],
                    "primary": {
                        "id": "rtbassoc-669fb701",
                        "attributes": {
                            "id": "rtbassoc-669fb701",
                            "route_table_id": "rtb-e1a75b86",
                            "subnet_id": "subnet-9ea091fa"
                        },
                        "meta": {},
                        "tainted": false
                    },
                    "deposed": [],
                    "provider": ""
                },
                "aws_route_table_association.private_secondary": {
                    "type": "aws_route_table_association",
                    "depends_on": [
                        "aws_route_table.private",
                        "aws_subnet.private_secondary"
                    ],
                    "primary": {
                        "id": "rtbassoc-989eb6ff",
                        "attributes": {
                            "id": "rtbassoc-989eb6ff",
                            "route_table_id": "rtb-e1a75b86",
                            "subnet_id": "subnet-91c9fce7"
                        },
                        "meta": {},
                        "tainted": false
                    },
                    "deposed": [],
                    "provider": ""
                },
                "aws_route_table_association.private_tertiary": {
                    "type": "aws_route_table_association",
                    "depends_on": [
                        "aws_route_table.private",
                        "aws_subnet.private_tertiary"
                    ],
                    "primary": {
                        "id": "rtbassoc-679fb700",
                        "attributes": {
                            "id": "rtbassoc-679fb700",
                            "route_table_id": "rtb-e1a75b86",
                            "subnet_id": "subnet-93cdbfcb"
                        },
                        "meta": {},
                        "tainted": false
                    },
                    "deposed": [],
                    "provider": ""
                },
                "aws_route_table_association.public_primary": {
                    "type": "aws_route_table_association",
                    "depends_on": [
                        "aws_route_table.public",
                        "aws_subnet.public_primary"
                    ],
                    "primary": {
                        "id": "rtbassoc-499eb62e",
                        "attributes": {
                            "id": "rtbassoc-499eb62e",
                            "route_table_id": "rtb-b7a65ad0",
                            "subnet_id": "subnet-19a0917d"
                        },
                        "meta": {},
                        "tainted": false
                    },
                    "deposed": [],
                    "provider": ""
                },
                "aws_route_table_association.public_secondary": {
                    "type": "aws_route_table_association",
                    "depends_on": [
                        "aws_route_table.public",
                        "aws_subnet.public_secondary"
                    ],
                    "primary": {
                        "id": "rtbassoc-4c9eb62b",
                        "attributes": {
                            "id": "rtbassoc-4c9eb62b",
                            "route_table_id": "rtb-b7a65ad0",
                            "subnet_id": "subnet-14c9fc62"
                        },
                        "meta": {},
                        "tainted": false
                    },
                    "deposed": [],
                    "provider": ""
                },
                "aws_route_table_association.public_tertiary": {
                    "type": "aws_route_table_association",
                    "depends_on": [
                        "aws_route_table.public",
                        "aws_subnet.public_tertiary"
                    ],
                    "primary": {
                        "id": "rtbassoc-4a9eb62d",
                        "attributes": {
                            "id": "rtbassoc-4a9eb62d",
                            "route_table_id": "rtb-b7a65ad0",
                            "subnet_id": "subnet-15c9fc63"
                        },
                        "meta": {},
                        "tainted": false
                    },
                    "deposed": [],
                    "provider": ""
                },
                "aws_security_group.default": {
                    "type": "aws_security_group",
                    "depends_on": [
                        "aws_vpc.obitat"
                    ],
                    "primary": {
                        "id": "sg-ea4c1b8c",
                        "attributes": {
                            "description": "Default security group that allows inbound and outbound traffic from all instances in the VPC",
                            "egress.#": "1",
                            "egress.753360330.cidr_blocks.#": "0",
                            "egress.753360330.from_port": "0",
                            "egress.753360330.prefix_list_ids.#": "0",
                            "egress.753360330.protocol": "-1",
                            "egress.753360330.security_groups.#": "0",
                            "egress.753360330.self": "true",
                            "egress.753360330.to_port": "0",
                            "id": "sg-ea4c1b8c",
                            "ingress.#": "1",
                            "ingress.753360330.cidr_blocks.#": "0",
                            "ingress.753360330.from_port": "0",
                            "ingress.753360330.protocol": "-1",
                            "ingress.753360330.security_groups.#": "0",
                            "ingress.753360330.self": "true",
                            "ingress.753360330.to_port": "0",
                            "name": "default-obitat",
                            "owner_id": "754136758665",
                            "tags.%": "1",
                            "tags.Name": "obitat-default-vpc",
                            "vpc_id": "vpc-2d715049"
                        },
                        "meta": {},
                        "tainted": false
                    },
                    "deposed": [],
                    "provider": ""
                },
                "aws_security_group.nat": {
                    "type": "aws_security_group",
                    "depends_on": [
                        "aws_vpc.obitat"
                    ],
                    "primary": {
                        "id": "sg-ec4c1b8a",
                        "attributes": {
                            "description": "Security group for nat instances that allows SSH and VPN traffic from internet. Also allows outbound HTTP[S]",
                            "egress.#": "2",
                            "egress.2214680975.cidr_blocks.#": "1",
                            "egress.2214680975.cidr_blocks.0": "0.0.0.0/0",
                            "egress.2214680975.from_port": "80",
                            "egress.2214680975.prefix_list_ids.#": "0",
                            "egress.2214680975.protocol": "tcp",
                            "egress.2214680975.security_groups.#": "0",
                            "egress.2214680975.self": "false",
                            "egress.2214680975.to_port": "80",
                            "egress.2617001939.cidr_blocks.#": "1",
                            "egress.2617001939.cidr_blocks.0": "0.0.0.0/0",
                            "egress.2617001939.from_port": "443",
                            "egress.2617001939.prefix_list_ids.#": "0",
                            "egress.2617001939.protocol": "tcp",
                            "egress.2617001939.security_groups.#": "0",
                            "egress.2617001939.self": "false",
                            "egress.2617001939.to_port": "443",
                            "id": "sg-ec4c1b8a",
                            "ingress.#": "2",
                            "ingress.2541437006.cidr_blocks.#": "1",
                            "ingress.2541437006.cidr_blocks.0": "0.0.0.0/0",
                            "ingress.2541437006.from_port": "22",
                            "ingress.2541437006.protocol": "tcp",
                            "ingress.2541437006.security_groups.#": "0",
                            "ingress.2541437006.self": "false",
                            "ingress.2541437006.to_port": "22",
                            "ingress.4178520169.cidr_blocks.#": "1",
                            "ingress.4178520169.cidr_blocks.0": "0.0.0.0/0",
                            "ingress.4178520169.from_port": "1194",
                            "ingress.4178520169.protocol": "udp",
                            "ingress.4178520169.security_groups.#": "0",
                            "ingress.4178520169.self": "false",
                            "ingress.4178520169.to_port": "1194",
                            "name": "nat-obitat",
                            "owner_id": "754136758665",
                            "tags.%": "1",
                            "tags.Name": "nat-obitat",
                            "vpc_id": "vpc-2d715049"
                        },
                        "meta": {},
                        "tainted": false
                    },
                    "deposed": [],
                    "provider": ""
                },
                "aws_security_group.web": {
                    "type": "aws_security_group",
                    "depends_on": [
                        "aws_vpc.obitat"
                    ],
                    "primary": {
                        "id": "sg-ed4c1b8b",
                        "attributes": {
                            "description": "Security group for web that allows web traffic from internet",
                            "egress.#": "0",
                            "id": "sg-ed4c1b8b",
                            "ingress.#": "2",
                            "ingress.2214680975.cidr_blocks.#": "1",
                            "ingress.2214680975.cidr_blocks.0": "0.0.0.0/0",
                            "ingress.2214680975.from_port": "80",
                            "ingress.2214680975.protocol": "tcp",
                            "ingress.2214680975.security_groups.#": "0",
                            "ingress.2214680975.self": "false",
                            "ingress.2214680975.to_port": "80",
                            "ingress.2617001939.cidr_blocks.#": "1",
                            "ingress.2617001939.cidr_blocks.0": "0.0.0.0/0",
                            "ingress.2617001939.from_port": "443",
                            "ingress.2617001939.protocol": "tcp",
                            "ingress.2617001939.security_groups.#": "0",
                            "ingress.2617001939.self": "false",
                            "ingress.2617001939.to_port": "443",
                            "name": "web-obitat",
                            "owner_id": "754136758665",
                            "tags.%": "1",
                            "tags.Name": "web-airpair-example",
                            "vpc_id": "vpc-2d715049"
                        },
                        "meta": {},
                        "tainted": false
                    },
                    "deposed": [],
                    "provider": ""
                },
                "aws_subnet.private_primary": {
                    "type": "aws_subnet",
                    "depends_on": [
                        "aws_instance.nat",
                        "aws_vpc.obitat",
                        "data.aws_availability_zones.available"
                    ],
                    "primary": {
                        "id": "subnet-9ea091fa",
                        "attributes": {
                            "availability_zone": "eu-west-1a",
                            "cidr_block": "10.0.10.0/24",
                            "id": "subnet-9ea091fa",
                            "map_public_ip_on_launch": "false",
                            "tags.%": "1",
                            "tags.Name": "private",
                            "vpc_id": "vpc-2d715049"
                        },
                        "meta": {},
                        "tainted": false
                    },
                    "deposed": [],
                    "provider": ""
                },
                "aws_subnet.private_secondary": {
                    "type": "aws_subnet",
                    "depends_on": [
                        "aws_instance.nat",
                        "aws_vpc.obitat",
                        "data.aws_availability_zones.available"
                    ],
                    "primary": {
                        "id": "subnet-91c9fce7",
                        "attributes": {
                            "availability_zone": "eu-west-1b",
                            "cidr_block": "10.0.11.0/24",
                            "id": "subnet-91c9fce7",
                            "map_public_ip_on_launch": "false",
                            "tags.%": "1",
                            "tags.Name": "private",
                            "vpc_id": "vpc-2d715049"
                        },
                        "meta": {},
                        "tainted": false
                    },
                    "deposed": [],
                    "provider": ""
                },
                "aws_subnet.private_tertiary": {
                    "type": "aws_subnet",
                    "depends_on": [
                        "aws_instance.nat",
                        "aws_vpc.obitat",
                        "data.aws_availability_zones.available"
                    ],
                    "primary": {
                        "id": "subnet-93cdbfcb",
                        "attributes": {
                            "availability_zone": "eu-west-1c",
                            "cidr_block": "10.0.12.0/24",
                            "id": "subnet-93cdbfcb",
                            "map_public_ip_on_launch": "false",
                            "tags.%": "1",
                            "tags.Name": "private",
                            "vpc_id": "vpc-2d715049"
                        },
                        "meta": {},
                        "tainted": false
                    },
                    "deposed": [],
                    "provider": ""
                },
                "aws_subnet.public_primary": {
                    "type": "aws_subnet",
                    "depends_on": [
                        "aws_internet_gateway.obitat",
                        "aws_vpc.obitat",
                        "data.aws_availability_zones.available"
                    ],
                    "primary": {
                        "id": "subnet-19a0917d",
                        "attributes": {
                            "availability_zone": "eu-west-1a",
                            "cidr_block": "10.0.0.0/24",
                            "id": "subnet-19a0917d",
                            "map_public_ip_on_launch": "true",
                            "tags.%": "1",
                            "tags.Name": "public",
                            "vpc_id": "vpc-2d715049"
                        },
                        "meta": {},
                        "tainted": false
                    },
                    "deposed": [],
                    "provider": ""
                },
                "aws_subnet.public_secondary": {
                    "type": "aws_subnet",
                    "depends_on": [
                        "aws_internet_gateway.obitat",
                        "aws_vpc.obitat",
                        "data.aws_availability_zones.available"
                    ],
                    "primary": {
                        "id": "subnet-14c9fc62",
                        "attributes": {
                            "availability_zone": "eu-west-1b",
                            "cidr_block": "10.0.1.0/24",
                            "id": "subnet-14c9fc62",
                            "map_public_ip_on_launch": "true",
                            "tags.%": "1",
                            "tags.Name": "public",
                            "vpc_id": "vpc-2d715049"
                        },
                        "meta": {},
                        "tainted": false
                    },
                    "deposed": [],
                    "provider": ""
                },
                "aws_subnet.public_tertiary": {
                    "type": "aws_subnet",
                    "depends_on": [
                        "aws_internet_gateway.obitat",
                        "aws_vpc.obitat",
                        "data.aws_availability_zones.available"
                    ],
                    "primary": {
                        "id": "subnet-15c9fc63",
                        "attributes": {
                            "availability_zone": "eu-west-1b",
                            "cidr_block": "10.0.2.0/24",
                            "id": "subnet-15c9fc63",
                            "map_public_ip_on_launch": "true",
                            "tags.%": "1",
                            "tags.Name": "public",
                            "vpc_id": "vpc-2d715049"
                        },
                        "meta": {},
                        "tainted": false
                    },
                    "deposed": [],
                    "provider": ""
                },
                "aws_vpc.obitat": {
                    "type": "aws_vpc",
                    "depends_on": [],
                    "primary": {
                        "id": "vpc-2d715049",
                        "attributes": {
                            "cidr_block": "10.0.0.0/16",
                            "default_network_acl_id": "acl-c7886fa0",
                            "default_route_table_id": "rtb-aba65acc",
                            "default_security_group_id": "sg-194c1b7f",
                            "dhcp_options_id": "dopt-949984f6",
                            "enable_classiclink": "false",
                            "enable_dns_hostnames": "true",
                            "enable_dns_support": "true",
                            "id": "vpc-2d715049",
                            "instance_tenancy": "default",
                            "main_route_table_id": "rtb-aba65acc",
                            "tags.%": "1",
                            "tags.Name": "obitat"
                        },
                        "meta": {},
                        "tainted": false
                    },
                    "deposed": [],
                    "provider": ""
                },
                "data.aws_availability_zones.available": {
                    "type": "aws_availability_zones",
                    "depends_on": [],
                    "primary": {
                        "id": "2017-01-19 09:51:04.46110926 +0000 UTC",
                        "attributes": {
                            "id": "2017-01-19 09:51:04.46110926 +0000 UTC",
                            "names.#": "3",
                            "names.0": "eu-west-1a",
                            "names.1": "eu-west-1b",
                            "names.2": "eu-west-1c"
                        },
                        "meta": {},
                        "tainted": false
                    },
                    "deposed": [],
                    "provider": ""
                }
            },
            "depends_on": []
        },
        {
            "path": [
                "root",
                "consul"
            ],
            "outputs": {},
            "resources": {},
            "depends_on": []
        }
    ]
}
