{
    "version": 3,
    "terraform_version": "0.8.4",
    "serial": 21,
    "lineage": "41ad8a72-0f15-4a6c-8223-dab1091cc7d2",
    "modules": [
        {
            "path": [
                "root"
            ],
            "outputs": {
                "nat.ip": {
                    "sensitive": false,
                    "type": "string",
                    "value": "52.204.3.63"
                }
            },
            "resources": {
                "aws_instance.nat": {
                    "type": "aws_instance",
                    "depends_on": [
                        "aws_key_pair.deployer",
                        "aws_security_group.default",
                        "aws_security_group.nat",
                        "aws_subnet.public_primary"
                    ],
                    "primary": {
                        "id": "i-03d93b756bc09b0a2",
                        "attributes": {
                            "ami": "ami-fce3c696",
                            "associate_public_ip_address": "true",
                            "availability_zone": "us-east-1a",
                            "disable_api_termination": "false",
                            "ebs_block_device.#": "0",
                            "ebs_optimized": "false",
                            "ephemeral_block_device.#": "0",
                            "iam_instance_profile": "",
                            "id": "i-03d93b756bc09b0a2",
                            "instance_state": "running",
                            "instance_type": "t2.micro",
                            "key_name": "deployer-key",
                            "monitoring": "false",
                            "network_interface_id": "eni-6d014aaf",
                            "private_dns": "ip-10-0-0-196.ec2.internal",
                            "private_ip": "10.0.0.196",
                            "public_dns": "ec2-52-204-3-63.compute-1.amazonaws.com",
                            "public_ip": "52.204.3.63",
                            "root_block_device.#": "1",
                            "root_block_device.0.delete_on_termination": "true",
                            "root_block_device.0.iops": "100",
                            "root_block_device.0.volume_size": "8",
                            "root_block_device.0.volume_type": "gp2",
                            "security_groups.#": "0",
                            "source_dest_check": "false",
                            "subnet_id": "subnet-0e592d55",
                            "tags.%": "1",
                            "tags.Name": "nat",
                            "tenancy": "default",
                            "vpc_security_group_ids.#": "2",
                            "vpc_security_group_ids.1288104383": "sg-ebcd0697",
                            "vpc_security_group_ids.2625382563": "sg-e4cd0698"
                        },
                        "meta": {
                            "schema_version": "1"
                        },
                        "tainted": false
                    },
                    "deposed": [],
                    "provider": ""
                },
                "aws_internet_gateway.obitat": {
                    "type": "aws_internet_gateway",
                    "depends_on": [
                        "aws_vpc.obitat"
                    ],
                    "primary": {
                        "id": "igw-45337722",
                        "attributes": {
                            "id": "igw-45337722",
                            "tags.%": "0",
                            "vpc_id": "vpc-a754d1c1"
                        },
                        "meta": {},
                        "tainted": false
                    },
                    "deposed": [],
                    "provider": ""
                },
                "aws_key_pair.deployer": {
                    "type": "aws_key_pair",
                    "depends_on": [],
                    "primary": {
                        "id": "deployer-key",
                        "attributes": {
                            "fingerprint": "55:f2:75:1e:5b:f6:f8:7a:b3:6a:06:f1:e7:09:ec:26",
                            "id": "deployer-key",
                            "key_name": "deployer-key",
                            "public_key": "ssh-rsa AAAAB3NzaC1yc2EAAAADAQABAAABAQDnGnP6GKzZP44jFgrjtjublhrkITtsaJ6Ockyy7vui3poOxXOPAE2K6m+Gij5hZRFzrEgvHUZ1a2V1KcCYwzh05zU0W7kqpjpk3tyPW8mYr8/j39RNn+8HZ2eLpjjTAmbCwvpmtIocFAN/7Be7lPoLPdqf46VTHpi9jfzqFXlbSLn/BzFZCsgYYG4oavOnPmao2CbIF3RCeyncPCqkyR41iIfarYvYTTHwHY0/jOxPM9J88gNBb0XvhpCOtgt85mFEGkVvLulYivsvzpGLQOeqoCi6Ykbf8V91lDHyptM07XsZnDIQ3SP21howTprFuRcpAky1avyTCfH06nEk/hC3 insecure-deployer"
                        },
                        "meta": {
                            "schema_version": "1"
                        },
                        "tainted": false
                    },
                    "deposed": [],
                    "provider": ""
                },
                "aws_route_table.private": {
                    "type": "aws_route_table",
                    "depends_on": [
                        "aws_instance.nat",
                        "aws_vpc.obitat"
                    ],
                    "primary": {
                        "id": "rtb-5503fb2c",
                        "attributes": {
                            "id": "rtb-5503fb2c",
                            "propagating_vgws.#": "0",
                            "route.#": "1",
                            "route.4253063253.cidr_block": "0.0.0.0/0",
                            "route.4253063253.gateway_id": "",
                            "route.4253063253.instance_id": "i-03d93b756bc09b0a2",
                            "route.4253063253.nat_gateway_id": "",
                            "route.4253063253.network_interface_id": "",
                            "route.4253063253.vpc_peering_connection_id": "",
                            "tags.%": "0",
                            "vpc_id": "vpc-a754d1c1"
                        },
                        "meta": {},
                        "tainted": false
                    },
                    "deposed": [],
                    "provider": ""
                },
                "aws_route_table.public": {
                    "type": "aws_route_table",
                    "depends_on": [
                        "aws_internet_gateway.obitat",
                        "aws_vpc.obitat"
                    ],
                    "primary": {
                        "id": "rtb-3909f140",
                        "attributes": {
                            "id": "rtb-3909f140",
                            "propagating_vgws.#": "0",
                            "route.#": "1",
                            "route.3449117912.cidr_block": "0.0.0.0/0",
                            "route.3449117912.gateway_id": "igw-45337722",
                            "route.3449117912.instance_id": "",
                            "route.3449117912.nat_gateway_id": "",
                            "route.3449117912.network_interface_id": "",
                            "route.3449117912.vpc_peering_connection_id": "",
                            "tags.%": "0",
                            "vpc_id": "vpc-a754d1c1"
                        },
                        "meta": {},
                        "tainted": false
                    },
                    "deposed": [],
                    "provider": ""
                },
                "aws_route_table_association.private_primary": {
                    "type": "aws_route_table_association",
                    "depends_on": [
                        "aws_route_table.private",
                        "aws_subnet.private_primary"
                    ],
                    "primary": {
                        "id": "rtbassoc-47ea353f",
                        "attributes": {
                            "id": "rtbassoc-47ea353f",
                            "route_table_id": "rtb-5503fb2c",
                            "subnet_id": "subnet-33473368"
                        },
                        "meta": {},
                        "tainted": false
                    },
                    "deposed": [],
                    "provider": ""
                },
                "aws_route_table_association.private_secondary": {
                    "type": "aws_route_table_association",
                    "depends_on": [
                        "aws_route_table.private",
                        "aws_subnet.private_secondary"
                    ],
                    "primary": {
                        "id": "rtbassoc-46ea353e",
                        "attributes": {
                            "id": "rtbassoc-46ea353e",
                            "route_table_id": "rtb-5503fb2c",
                            "subnet_id": "subnet-b4027c99"
                        },
                        "meta": {},
                        "tainted": false
                    },
                    "deposed": [],
                    "provider": ""
                },
                "aws_route_table_association.public_primary": {
                    "type": "aws_route_table_association",
                    "depends_on": [
                        "aws_route_table.public",
                        "aws_subnet.public_primary"
                    ],
                    "primary": {
                        "id": "rtbassoc-7bf62903",
                        "attributes": {
                            "id": "rtbassoc-7bf62903",
                            "route_table_id": "rtb-3909f140",
                            "subnet_id": "subnet-0e592d55"
                        },
                        "meta": {},
                        "tainted": false
                    },
                    "deposed": [],
                    "provider": ""
                },
                "aws_route_table_association.public_secondary": {
                    "type": "aws_route_table_association",
                    "depends_on": [
                        "aws_route_table.public",
                        "aws_subnet.public_secondary"
                    ],
                    "primary": {
                        "id": "rtbassoc-7af62902",
                        "attributes": {
                            "id": "rtbassoc-7af62902",
                            "route_table_id": "rtb-3909f140",
                            "subnet_id": "subnet-7c087651"
                        },
                        "meta": {},
                        "tainted": false
                    },
                    "deposed": [],
                    "provider": ""
                },
                "aws_security_group.default": {
                    "type": "aws_security_group",
                    "depends_on": [
                        "aws_vpc.obitat"
                    ],
                    "primary": {
                        "id": "sg-ebcd0697",
                        "attributes": {
                            "description": "Default security group that allows inbound and outbound traffic from all instances in the VPC",
                            "egress.#": "1",
                            "egress.753360330.cidr_blocks.#": "0",
                            "egress.753360330.from_port": "0",
                            "egress.753360330.prefix_list_ids.#": "0",
                            "egress.753360330.protocol": "-1",
                            "egress.753360330.security_groups.#": "0",
                            "egress.753360330.self": "true",
                            "egress.753360330.to_port": "0",
                            "id": "sg-ebcd0697",
                            "ingress.#": "1",
                            "ingress.753360330.cidr_blocks.#": "0",
                            "ingress.753360330.from_port": "0",
                            "ingress.753360330.protocol": "-1",
                            "ingress.753360330.security_groups.#": "0",
                            "ingress.753360330.self": "true",
                            "ingress.753360330.to_port": "0",
                            "name": "default-obitat",
                            "owner_id": "754136758665",
                            "tags.%": "1",
                            "tags.Name": "obitat-default-vpc",
                            "vpc_id": "vpc-a754d1c1"
                        },
                        "meta": {},
                        "tainted": false
                    },
                    "deposed": [],
                    "provider": ""
                },
                "aws_security_group.nat": {
                    "type": "aws_security_group",
                    "depends_on": [
                        "aws_vpc.obitat"
                    ],
                    "primary": {
                        "id": "sg-e4cd0698",
                        "attributes": {
                            "description": "Security group for nat instances that allows SSH and VPN traffic from internet. Also allows outbound HTTP[S]",
                            "egress.#": "2",
                            "egress.2214680975.cidr_blocks.#": "1",
                            "egress.2214680975.cidr_blocks.0": "0.0.0.0/0",
                            "egress.2214680975.from_port": "80",
                            "egress.2214680975.prefix_list_ids.#": "0",
                            "egress.2214680975.protocol": "tcp",
                            "egress.2214680975.security_groups.#": "0",
                            "egress.2214680975.self": "false",
                            "egress.2214680975.to_port": "80",
                            "egress.2617001939.cidr_blocks.#": "1",
                            "egress.2617001939.cidr_blocks.0": "0.0.0.0/0",
                            "egress.2617001939.from_port": "443",
                            "egress.2617001939.prefix_list_ids.#": "0",
                            "egress.2617001939.protocol": "tcp",
                            "egress.2617001939.security_groups.#": "0",
                            "egress.2617001939.self": "false",
                            "egress.2617001939.to_port": "443",
                            "id": "sg-e4cd0698",
                            "ingress.#": "2",
                            "ingress.2541437006.cidr_blocks.#": "1",
                            "ingress.2541437006.cidr_blocks.0": "0.0.0.0/0",
                            "ingress.2541437006.from_port": "22",
                            "ingress.2541437006.protocol": "tcp",
                            "ingress.2541437006.security_groups.#": "0",
                            "ingress.2541437006.self": "false",
                            "ingress.2541437006.to_port": "22",
                            "ingress.4178520169.cidr_blocks.#": "1",
                            "ingress.4178520169.cidr_blocks.0": "0.0.0.0/0",
                            "ingress.4178520169.from_port": "1194",
                            "ingress.4178520169.protocol": "udp",
                            "ingress.4178520169.security_groups.#": "0",
                            "ingress.4178520169.self": "false",
                            "ingress.4178520169.to_port": "1194",
                            "name": "nat-obitat",
                            "owner_id": "754136758665",
                            "tags.%": "1",
                            "tags.Name": "nat-obitat",
                            "vpc_id": "vpc-a754d1c1"
                        },
                        "meta": {},
                        "tainted": false
                    },
                    "deposed": [],
                    "provider": ""
                },
                "aws_security_group.web": {
                    "type": "aws_security_group",
                    "depends_on": [
                        "aws_vpc.obitat"
                    ],
                    "primary": {
                        "id": "sg-eacd0696",
                        "attributes": {
                            "description": "Security group for web that allows web traffic from internet",
                            "egress.#": "0",
                            "id": "sg-eacd0696",
                            "ingress.#": "2",
                            "ingress.2214680975.cidr_blocks.#": "1",
                            "ingress.2214680975.cidr_blocks.0": "0.0.0.0/0",
                            "ingress.2214680975.from_port": "80",
                            "ingress.2214680975.protocol": "tcp",
                            "ingress.2214680975.security_groups.#": "0",
                            "ingress.2214680975.self": "false",
                            "ingress.2214680975.to_port": "80",
                            "ingress.2617001939.cidr_blocks.#": "1",
                            "ingress.2617001939.cidr_blocks.0": "0.0.0.0/0",
                            "ingress.2617001939.from_port": "443",
                            "ingress.2617001939.protocol": "tcp",
                            "ingress.2617001939.security_groups.#": "0",
                            "ingress.2617001939.self": "false",
                            "ingress.2617001939.to_port": "443",
                            "name": "web-obitat",
                            "owner_id": "754136758665",
                            "tags.%": "1",
                            "tags.Name": "web-airpair-example",
                            "vpc_id": "vpc-a754d1c1"
                        },
                        "meta": {},
                        "tainted": false
                    },
                    "deposed": [],
                    "provider": ""
                },
                "aws_subnet.private_primary": {
                    "type": "aws_subnet",
                    "depends_on": [
                        "aws_instance.nat",
                        "aws_vpc.obitat"
                    ],
                    "primary": {
                        "id": "subnet-33473368",
                        "attributes": {
                            "availability_zone": "us-east-1a",
                            "cidr_block": "10.0.2.0/24",
                            "id": "subnet-33473368",
                            "map_public_ip_on_launch": "false",
                            "tags.%": "1",
                            "tags.Name": "private",
                            "vpc_id": "vpc-a754d1c1"
                        },
                        "meta": {},
                        "tainted": false
                    },
                    "deposed": [],
                    "provider": ""
                },
                "aws_subnet.private_secondary": {
                    "type": "aws_subnet",
                    "depends_on": [
                        "aws_instance.nat",
                        "aws_vpc.obitat"
                    ],
                    "primary": {
                        "id": "subnet-b4027c99",
                        "attributes": {
                            "availability_zone": "us-east-1c",
                            "cidr_block": "10.0.3.0/24",
                            "id": "subnet-b4027c99",
                            "map_public_ip_on_launch": "false",
                            "tags.%": "1",
                            "tags.Name": "private",
                            "vpc_id": "vpc-a754d1c1"
                        },
                        "meta": {},
                        "tainted": false
                    },
                    "deposed": [],
                    "provider": ""
                },
                "aws_subnet.public_primary": {
                    "type": "aws_subnet",
                    "depends_on": [
                        "aws_internet_gateway.obitat",
                        "aws_vpc.obitat"
                    ],
                    "primary": {
                        "id": "subnet-0e592d55",
                        "attributes": {
                            "availability_zone": "us-east-1a",
                            "cidr_block": "10.0.0.0/24",
                            "id": "subnet-0e592d55",
                            "map_public_ip_on_launch": "true",
                            "tags.%": "1",
                            "tags.Name": "public",
                            "vpc_id": "vpc-a754d1c1"
                        },
                        "meta": {},
                        "tainted": false
                    },
                    "deposed": [],
                    "provider": ""
                },
                "aws_subnet.public_secondary": {
                    "type": "aws_subnet",
                    "depends_on": [
                        "aws_internet_gateway.obitat",
                        "aws_vpc.obitat"
                    ],
                    "primary": {
                        "id": "subnet-7c087651",
                        "attributes": {
                            "availability_zone": "us-east-1c",
                            "cidr_block": "10.0.1.0/24",
                            "id": "subnet-7c087651",
                            "map_public_ip_on_launch": "true",
                            "tags.%": "1",
                            "tags.Name": "public",
                            "vpc_id": "vpc-a754d1c1"
                        },
                        "meta": {},
                        "tainted": false
                    },
                    "deposed": [],
                    "provider": ""
                },
                "aws_vpc.obitat": {
                    "type": "aws_vpc",
                    "depends_on": [],
                    "primary": {
                        "id": "vpc-a754d1c1",
                        "attributes": {
                            "cidr_block": "10.0.0.0/16",
                            "default_network_acl_id": "acl-00054a66",
                            "default_route_table_id": "rtb-4009f139",
                            "default_security_group_id": "sg-f4cd0688",
                            "dhcp_options_id": "dopt-5ec7de3c",
                            "enable_classiclink": "false",
                            "enable_dns_hostnames": "true",
                            "enable_dns_support": "true",
                            "id": "vpc-a754d1c1",
                            "instance_tenancy": "default",
                            "main_route_table_id": "rtb-4009f139",
                            "tags.%": "1",
                            "tags.Name": "obitat"
                        },
                        "meta": {},
                        "tainted": false
                    },
                    "deposed": [],
                    "provider": ""
                }
            },
            "depends_on": []
        },
        {
            "path": [
                "root",
                "consul"
            ],
            "outputs": {},
            "resources": {},
            "depends_on": []
        }
    ]
}
