{
    "version": 3,
    "terraform_version": "0.8.4",
    "serial": 27,
    "lineage": "41ad8a72-0f15-4a6c-8223-dab1091cc7d2",
    "modules": [
        {
            "path": [
                "root"
            ],
            "outputs": {
                "nat.ip": {
                    "sensitive": false,
                    "type": "string",
                    "value": "54.167.251.140"
                }
            },
            "resources": {
                "aws_instance.nat": {
                    "type": "aws_instance",
                    "depends_on": [
                        "aws_key_pair.deployer",
                        "aws_security_group.default",
                        "aws_security_group.nat",
                        "aws_subnet.public_primary"
                    ],
                    "primary": {
                        "id": "i-09382d07df54990b1",
                        "attributes": {
                            "ami": "ami-fce3c696",
                            "associate_public_ip_address": "true",
                            "availability_zone": "us-east-1a",
                            "disable_api_termination": "false",
                            "ebs_block_device.#": "0",
                            "ebs_optimized": "false",
                            "ephemeral_block_device.#": "0",
                            "iam_instance_profile": "",
                            "id": "i-09382d07df54990b1",
                            "instance_state": "running",
                            "instance_type": "t2.micro",
                            "key_name": "deployer-key",
                            "monitoring": "false",
                            "network_interface_id": "eni-f286a430",
                            "private_dns": "ip-10-0-0-250.ec2.internal",
                            "private_ip": "10.0.0.250",
                            "public_dns": "ec2-54-167-251-140.compute-1.amazonaws.com",
                            "public_ip": "54.167.251.140",
                            "root_block_device.#": "1",
                            "root_block_device.0.delete_on_termination": "true",
                            "root_block_device.0.iops": "100",
                            "root_block_device.0.volume_size": "8",
                            "root_block_device.0.volume_type": "gp2",
                            "security_groups.#": "0",
                            "source_dest_check": "false",
                            "subnet_id": "subnet-2d6b1d76",
                            "tags.%": "1",
                            "tags.Name": "nat",
                            "tenancy": "default"
                        },
                        "meta": {
                            "schema_version": "1"
                        },
                        "tainted": false
                    },
                    "deposed": [],
                    "provider": ""
                },
                "aws_internet_gateway.obitat": {
                    "type": "aws_internet_gateway",
                    "depends_on": [
                        "aws_vpc.obitat"
                    ],
                    "primary": {
                        "id": "igw-897a3cee",
                        "attributes": {
                            "id": "igw-897a3cee",
                            "vpc_id": "vpc-e0d15786"
                        },
                        "meta": {},
                        "tainted": false
                    },
                    "deposed": [],
                    "provider": ""
                },
                "aws_key_pair.deployer": {
                    "type": "aws_key_pair",
                    "depends_on": [],
                    "primary": {
                        "id": "deployer-key",
                        "attributes": {
                            "id": "deployer-key",
                            "key_name": "deployer-key",
                            "public_key": "ssh-rsa AAAAB3NzaC1yc2EAAAADAQABAAABAQDnGnP6GKzZP44jFgrjtjublhrkITtsaJ6Ockyy7vui3poOxXOPAE2K6m+Gij5hZRFzrEgvHUZ1a2V1KcCYwzh05zU0W7kqpjpk3tyPW8mYr8/j39RNn+8HZ2eLpjjTAmbCwvpmtIocFAN/7Be7lPoLPdqf46VTHpi9jfzqFXlbSLn/BzFZCsgYYG4oavOnPmao2CbIF3RCeyncPCqkyR41iIfarYvYTTHwHY0/jOxPM9J88gNBb0XvhpCOtgt85mFEGkVvLulYivsvzpGLQOeqoCi6Ykbf8V91lDHyptM07XsZnDIQ3SP21howTprFuRcpAky1avyTCfH06nEk/hC3 insecure-deployer"
                        },
                        "meta": {
                            "schema_version": "1"
                        },
                        "tainted": false
                    },
                    "deposed": [],
                    "provider": ""
                },
                "aws_route_table.private": {
                    "type": "aws_route_table",
                    "depends_on": [
                        "aws_instance.nat",
                        "aws_vpc.obitat"
                    ],
                    "primary": {
                        "id": "rtb-022ce97b",
                        "attributes": {
                            "id": "rtb-022ce97b",
                            "propagating_vgws.#": "0",
                            "route.#": "1",
                            "route.555245322.cidr_block": "0.0.0.0/0",
                            "route.555245322.gateway_id": "",
                            "route.555245322.instance_id": "i-09382d07df54990b1",
                            "route.555245322.nat_gateway_id": "",
                            "route.555245322.network_interface_id": "eni-f286a430",
                            "route.555245322.vpc_peering_connection_id": "",
                            "tags.%": "0",
                            "vpc_id": "vpc-e0d15786"
                        },
                        "meta": {},
                        "tainted": false
                    },
                    "deposed": [],
                    "provider": ""
                },
                "aws_route_table.public": {
                    "type": "aws_route_table",
                    "depends_on": [
                        "aws_internet_gateway.obitat",
                        "aws_vpc.obitat"
                    ],
                    "primary": {
                        "id": "rtb-a82de8d1",
                        "attributes": {
                            "id": "rtb-a82de8d1",
                            "propagating_vgws.#": "0",
                            "route.#": "1",
                            "route.610586131.cidr_block": "0.0.0.0/0",
                            "route.610586131.gateway_id": "igw-897a3cee",
                            "route.610586131.instance_id": "",
                            "route.610586131.nat_gateway_id": "",
                            "route.610586131.network_interface_id": "",
                            "route.610586131.vpc_peering_connection_id": "",
                            "tags.%": "0",
                            "vpc_id": "vpc-e0d15786"
                        },
                        "meta": {},
                        "tainted": false
                    },
                    "deposed": [],
                    "provider": ""
                },
                "aws_route_table_association.private_primary": {
                    "type": "aws_route_table_association",
                    "depends_on": [
                        "aws_route_table.private",
                        "aws_subnet.private_primary"
                    ],
                    "primary": {
                        "id": "rtbassoc-9c875ce4",
                        "attributes": {
                            "id": "rtbassoc-9c875ce4",
                            "route_table_id": "rtb-022ce97b",
                            "subnet_id": "subnet-aa6b1df1"
                        },
                        "meta": {},
                        "tainted": false
                    },
                    "deposed": [],
                    "provider": ""
                },
                "aws_route_table_association.private_secondary": {
                    "type": "aws_route_table_association",
                    "depends_on": [
                        "aws_route_table.private",
                        "aws_subnet.private_secondary"
                    ],
                    "primary": {
                        "id": "rtbassoc-9b875ce3",
                        "attributes": {
                            "id": "rtbassoc-9b875ce3",
                            "route_table_id": "rtb-022ce97b",
                            "subnet_id": "subnet-790a7254"
                        },
                        "meta": {},
                        "tainted": false
                    },
                    "deposed": [],
                    "provider": ""
                },
                "aws_route_table_association.public_primary": {
                    "type": "aws_route_table_association",
                    "depends_on": [
                        "aws_route_table.public",
                        "aws_subnet.public_primary"
                    ],
                    "primary": {
                        "id": "rtbassoc-68875c10",
                        "attributes": {
                            "id": "rtbassoc-68875c10",
                            "route_table_id": "rtb-a82de8d1",
                            "subnet_id": "subnet-2d6b1d76"
                        },
                        "meta": {},
                        "tainted": false
                    },
                    "deposed": [],
                    "provider": ""
                },
                "aws_route_table_association.public_secondary": {
                    "type": "aws_route_table_association",
                    "depends_on": [
                        "aws_route_table.public",
                        "aws_subnet.public_secondary"
                    ],
                    "primary": {
                        "id": "rtbassoc-77875c0f",
                        "attributes": {
                            "id": "rtbassoc-77875c0f",
                            "route_table_id": "rtb-a82de8d1",
                            "subnet_id": "subnet-f40971d9"
                        },
                        "meta": {},
                        "tainted": false
                    },
                    "deposed": [],
                    "provider": ""
                },
                "aws_security_group.default": {
                    "type": "aws_security_group",
                    "depends_on": [
                        "aws_vpc.obitat"
                    ],
                    "primary": {
                        "id": "sg-9b60b1e7",
                        "attributes": {
                            "description": "Default security group that allows inbound and outbound traffic from all instances in the VPC",
                            "egress.#": "1",
                            "egress.753360330.cidr_blocks.#": "0",
                            "egress.753360330.from_port": "0",
                            "egress.753360330.prefix_list_ids.#": "0",
                            "egress.753360330.protocol": "-1",
                            "egress.753360330.security_groups.#": "0",
                            "egress.753360330.self": "true",
                            "egress.753360330.to_port": "0",
                            "id": "sg-9b60b1e7",
                            "ingress.#": "1",
                            "ingress.753360330.cidr_blocks.#": "0",
                            "ingress.753360330.from_port": "0",
                            "ingress.753360330.protocol": "-1",
                            "ingress.753360330.security_groups.#": "0",
                            "ingress.753360330.self": "true",
                            "ingress.753360330.to_port": "0",
                            "name": "default-obitat",
                            "owner_id": "754136758665",
                            "tags.%": "1",
                            "tags.Name": "obitat-default-vpc",
                            "vpc_id": "vpc-e0d15786"
                        },
                        "meta": {},
                        "tainted": false
                    },
                    "deposed": [],
                    "provider": ""
                },
                "aws_security_group.nat": {
                    "type": "aws_security_group",
                    "depends_on": [
                        "aws_vpc.obitat"
                    ],
                    "primary": {
                        "id": "sg-9460b1e8",
                        "attributes": {
                            "description": "Security group for nat instances that allows SSH and VPN traffic from internet. Also allows outbound HTTP[S]",
                            "egress.#": "2",
                            "egress.2214680975.cidr_blocks.#": "1",
                            "egress.2214680975.cidr_blocks.0": "0.0.0.0/0",
                            "egress.2214680975.from_port": "80",
                            "egress.2214680975.prefix_list_ids.#": "0",
                            "egress.2214680975.protocol": "tcp",
                            "egress.2214680975.security_groups.#": "0",
                            "egress.2214680975.self": "false",
                            "egress.2214680975.to_port": "80",
                            "egress.2617001939.cidr_blocks.#": "1",
                            "egress.2617001939.cidr_blocks.0": "0.0.0.0/0",
                            "egress.2617001939.from_port": "443",
                            "egress.2617001939.prefix_list_ids.#": "0",
                            "egress.2617001939.protocol": "tcp",
                            "egress.2617001939.security_groups.#": "0",
                            "egress.2617001939.self": "false",
                            "egress.2617001939.to_port": "443",
                            "id": "sg-9460b1e8",
                            "ingress.#": "2",
                            "ingress.2541437006.cidr_blocks.#": "1",
                            "ingress.2541437006.cidr_blocks.0": "0.0.0.0/0",
                            "ingress.2541437006.from_port": "22",
                            "ingress.2541437006.protocol": "tcp",
                            "ingress.2541437006.security_groups.#": "0",
                            "ingress.2541437006.self": "false",
                            "ingress.2541437006.to_port": "22",
                            "ingress.4178520169.cidr_blocks.#": "1",
                            "ingress.4178520169.cidr_blocks.0": "0.0.0.0/0",
                            "ingress.4178520169.from_port": "1194",
                            "ingress.4178520169.protocol": "udp",
                            "ingress.4178520169.security_groups.#": "0",
                            "ingress.4178520169.self": "false",
                            "ingress.4178520169.to_port": "1194",
                            "name": "nat-obitat",
                            "owner_id": "754136758665",
                            "tags.%": "1",
                            "tags.Name": "nat-obitat",
                            "vpc_id": "vpc-e0d15786"
                        },
                        "meta": {},
                        "tainted": false
                    },
                    "deposed": [],
                    "provider": ""
                },
                "aws_security_group.web": {
                    "type": "aws_security_group",
                    "depends_on": [
                        "aws_vpc.obitat"
                    ],
                    "primary": {
                        "id": "sg-9a60b1e6",
                        "attributes": {
                            "description": "Security group for web that allows web traffic from internet",
                            "egress.#": "0",
                            "id": "sg-9a60b1e6",
                            "ingress.#": "2",
                            "ingress.2214680975.cidr_blocks.#": "1",
                            "ingress.2214680975.cidr_blocks.0": "0.0.0.0/0",
                            "ingress.2214680975.from_port": "80",
                            "ingress.2214680975.protocol": "tcp",
                            "ingress.2214680975.security_groups.#": "0",
                            "ingress.2214680975.self": "false",
                            "ingress.2214680975.to_port": "80",
                            "ingress.2617001939.cidr_blocks.#": "1",
                            "ingress.2617001939.cidr_blocks.0": "0.0.0.0/0",
                            "ingress.2617001939.from_port": "443",
                            "ingress.2617001939.protocol": "tcp",
                            "ingress.2617001939.security_groups.#": "0",
                            "ingress.2617001939.self": "false",
                            "ingress.2617001939.to_port": "443",
                            "name": "web-obitat",
                            "owner_id": "754136758665",
                            "tags.%": "1",
                            "tags.Name": "web-airpair-example",
                            "vpc_id": "vpc-e0d15786"
                        },
                        "meta": {},
                        "tainted": false
                    },
                    "deposed": [],
                    "provider": ""
                },
                "aws_subnet.private_primary": {
                    "type": "aws_subnet",
                    "depends_on": [
                        "aws_instance.nat",
                        "aws_vpc.obitat"
                    ],
                    "primary": {
                        "id": "subnet-aa6b1df1",
                        "attributes": {
                            "availability_zone": "us-east-1a",
                            "cidr_block": "10.0.2.0/24",
                            "id": "subnet-aa6b1df1",
                            "map_public_ip_on_launch": "false",
                            "tags.%": "1",
                            "tags.Name": "private",
                            "vpc_id": "vpc-e0d15786"
                        },
                        "meta": {},
                        "tainted": false
                    },
                    "deposed": [],
                    "provider": ""
                },
                "aws_subnet.private_secondary": {
                    "type": "aws_subnet",
                    "depends_on": [
                        "aws_instance.nat",
                        "aws_vpc.obitat"
                    ],
                    "primary": {
                        "id": "subnet-790a7254",
                        "attributes": {
                            "availability_zone": "us-east-1c",
                            "cidr_block": "10.0.3.0/24",
                            "id": "subnet-790a7254",
                            "map_public_ip_on_launch": "false",
                            "tags.%": "1",
                            "tags.Name": "private",
                            "vpc_id": "vpc-e0d15786"
                        },
                        "meta": {},
                        "tainted": false
                    },
                    "deposed": [],
                    "provider": ""
                },
                "aws_subnet.public_primary": {
                    "type": "aws_subnet",
                    "depends_on": [
                        "aws_internet_gateway.obitat",
                        "aws_vpc.obitat"
                    ],
                    "primary": {
                        "id": "subnet-2d6b1d76",
                        "attributes": {
                            "availability_zone": "us-east-1a",
                            "cidr_block": "10.0.0.0/24",
                            "id": "subnet-2d6b1d76",
                            "map_public_ip_on_launch": "true",
                            "tags.%": "1",
                            "tags.Name": "public",
                            "vpc_id": "vpc-e0d15786"
                        },
                        "meta": {},
                        "tainted": false
                    },
                    "deposed": [],
                    "provider": ""
                },
                "aws_subnet.public_secondary": {
                    "type": "aws_subnet",
                    "depends_on": [
                        "aws_internet_gateway.obitat",
                        "aws_vpc.obitat"
                    ],
                    "primary": {
                        "id": "subnet-f40971d9",
                        "attributes": {
                            "availability_zone": "us-east-1c",
                            "cidr_block": "10.0.1.0/24",
                            "id": "subnet-f40971d9",
                            "map_public_ip_on_launch": "true",
                            "tags.%": "1",
                            "tags.Name": "public",
                            "vpc_id": "vpc-e0d15786"
                        },
                        "meta": {},
                        "tainted": false
                    },
                    "deposed": [],
                    "provider": ""
                },
                "aws_vpc.obitat": {
                    "type": "aws_vpc",
                    "depends_on": [],
                    "primary": {
                        "id": "vpc-e0d15786",
                        "attributes": {
                            "cidr_block": "10.0.0.0/16",
                            "default_network_acl_id": "acl-57c78e31",
                            "default_route_table_id": "rtb-bf2de8c6",
                            "default_security_group_id": "sg-a860b1d4",
                            "dhcp_options_id": "dopt-5ec7de3c",
                            "enable_classiclink": "false",
                            "enable_dns_hostnames": "true",
                            "enable_dns_support": "true",
                            "id": "vpc-e0d15786",
                            "instance_tenancy": "default",
                            "main_route_table_id": "rtb-bf2de8c6",
                            "tags.%": "1",
                            "tags.Name": "obitat"
                        },
                        "meta": {},
                        "tainted": false
                    },
                    "deposed": [],
                    "provider": ""
                }
            },
            "depends_on": []
        },
        {
            "path": [
                "root",
                "consul"
            ],
            "outputs": {},
            "resources": {},
            "depends_on": []
        }
    ]
}
